// !$*UTF8*$!
{
	archiveVersion = 1;
	classes = {
	};
	objectVersion = 77;
	objects = {

/* Begin PBXBuildFile section */
		049D0EF979DD052C146C3F5D /* LandingView.swift in Sources */ = {isa = PBXBuildFile; fileRef = 69A1D22CC0AA6848F9D3D7E2 /* LandingView.swift */; };
		0E49511344D252EADFBE064F /* ViralChatMobileApp.swift in Sources */ = {isa = PBXBuildFile; fileRef = E6E8552E9DA3531349CE12B7 /* ViralChatMobileApp.swift */; };
		1375625721B38C347C228FA4 /* Models.swift in Sources */ = {isa = PBXBuildFile; fileRef = 849891450998FAADB327D8B7 /* Models.swift */; };
		2FAA96B6DC2B658CE8BF3E66 /* AuthView.swift in Sources */ = {isa = PBXBuildFile; fileRef = B2542AC09EC15004EF9BB122 /* AuthView.swift */; };
		5612C594A52FD9DDB84617AC /* ChatViewModel.swift in Sources */ = {isa = PBXBuildFile; fileRef = 7F94346FCFFAE866778702E6 /* ChatViewModel.swift */; };
		7007F131AD6FB8515E24FABB /* AuthViewModel.swift in Sources */ = {isa = PBXBuildFile; fileRef = 696EDEAACB4F8B48D7F6CAEB /* AuthViewModel.swift */; };
		77362B3D4C7D4459701432B2 /* Assets.xcassets in Resources */ = {isa = PBXBuildFile; fileRef = A6FBD07B1B2448FB885A559C /* Assets.xcassets */; };
		8892458F5D4961F43C7251BD /* AuthService.swift in Sources */ = {isa = PBXBuildFile; fileRef = 1B69C6A32D1412B8E229402B /* AuthService.swift */; };
		A0F2205ADAA35858A82693CF /* ChatView.swift in Sources */ = {isa = PBXBuildFile; fileRef = D975F8A8D9EC46A4CA35F823 /* ChatView.swift */; };
		AD7F31E3A67EFA1BD075CEA0 /* ContentView.swift in Sources */ = {isa = PBXBuildFile; fileRef = C5FD2672B1495E52008B20AD /* ContentView.swift */; };
		BD8C0F3924E82E713A67E420 /* ChannelListView.swift in Sources */ = {isa = PBXBuildFile; fileRef = 460C29B3425EF9EE5994DA3C /* ChannelListView.swift */; };
		C4657346772CA604A9C5D26D /* Auth.swift in Sources */ = {isa = PBXBuildFile; fileRef = 8CEFD326B12812941211289D /* Auth.swift */; };
		D3521E284BB4DB472ED79B20 /* APIClient.swift in Sources */ = {isa = PBXBuildFile; fileRef = 0868B7C96B4F9F364AD23781 /* APIClient.swift */; };
		F1D6E04B3C2FEBC27BF76457 /* MainTabView.swift in Sources */ = {isa = PBXBuildFile; fileRef = 8ABB9A539119E47B7FC05599 /* MainTabView.swift */; };
/* End PBXBuildFile section */

/* Begin PBXFileReference section */
		0868B7C96B4F9F364AD23781 /* APIClient.swift */ = {isa = PBXFileReference; lastKnownFileType = sourcecode.swift; path = APIClient.swift; sourceTree = "<group>"; };
		1B69C6A32D1412B8E229402B /* AuthService.swift */ = {isa = PBXFileReference; lastKnownFileType = sourcecode.swift; path = AuthService.swift; sourceTree = "<group>"; };
		460C29B3425EF9EE5994DA3C /* ChannelListView.swift */ = {isa = PBXFileReference; lastKnownFileType = sourcecode.swift; path = ChannelListView.swift; sourceTree = "<group>"; };
		696EDEAACB4F8B48D7F6CAEB /* AuthViewModel.swift */ = {isa = PBXFileReference; lastKnownFileType = sourcecode.swift; path = AuthViewModel.swift; sourceTree = "<group>"; };
		69A1D22CC0AA6848F9D3D7E2 /* LandingView.swift */ = {isa = PBXFileReference; lastKnownFileType = sourcecode.swift; path = LandingView.swift; sourceTree = "<group>"; };
		7F94346FCFFAE866778702E6 /* ChatViewModel.swift */ = {isa = PBXFileReference; lastKnownFileType = sourcecode.swift; path = ChatViewModel.swift; sourceTree = "<group>"; };
		849891450998FAADB327D8B7 /* Models.swift */ = {isa = PBXFileReference; lastKnownFileType = sourcecode.swift; path = Models.swift; sourceTree = "<group>"; };
		8ABB9A539119E47B7FC05599 /* MainTabView.swift */ = {isa = PBXFileReference; lastKnownFileType = sourcecode.swift; path = MainTabView.swift; sourceTree = "<group>"; };
		8CEFD326B12812941211289D /* Auth.swift */ = {isa = PBXFileReference; lastKnownFileType = sourcecode.swift; path = Auth.swift; sourceTree = "<group>"; };
		A6FBD07B1B2448FB885A559C /* Assets.xcassets */ = {isa = PBXFileReference; lastKnownFileType = folder.assetcatalog; path = Assets.xcassets; sourceTree = "<group>"; };
		B2542AC09EC15004EF9BB122 /* AuthView.swift */ = {isa = PBXFileReference; lastKnownFileType = sourcecode.swift; path = AuthView.swift; sourceTree = "<group>"; };
		C5FD2672B1495E52008B20AD /* ContentView.swift */ = {isa = PBXFileReference; lastKnownFileType = sourcecode.swift; path = ContentView.swift; sourceTree = "<group>"; };
		D975F8A8D9EC46A4CA35F823 /* ChatView.swift */ = {isa = PBXFileReference; lastKnownFileType = sourcecode.swift; path = ChatView.swift; sourceTree = "<group>"; };
		E6E8552E9DA3531349CE12B7 /* ViralChatMobileApp.swift */ = {isa = PBXFileReference; lastKnownFileType = sourcecode.swift; path = ViralChatMobileApp.swift; sourceTree = "<group>"; };
		F5C801032101CD3FF27797EA /* ViralChatMobile.app */ = {isa = PBXFileReference; includeInIndex = 0; lastKnownFileType = wrapper.application; path = ViralChatMobile.app; sourceTree = BUILT_PRODUCTS_DIR; };
/* End PBXFileReference section */

/* Begin PBXGroup section */
		0D0DE92CEEADD210AB9CBA7E /* App */ = {
			isa = PBXGroup;
			children = (
				E6E8552E9DA3531349CE12B7 /* ViralChatMobileApp.swift */,
			);
			path = App;
			sourceTree = "<group>";
		};
		389A2B92E8406C2853EF76F4 /* Models */ = {
			isa = PBXGroup;
			children = (
				8CEFD326B12812941211289D /* Auth.swift */,
				849891450998FAADB327D8B7 /* Models.swift */,
			);
			path = Models;
			sourceTree = "<group>";
		};
		449E4A282166A1336A3F7F6A /* ViralChatMobile */ = {
			isa = PBXGroup;
			children = (
				0D0DE92CEEADD210AB9CBA7E /* App */,
				389A2B92E8406C2853EF76F4 /* Models */,
				FB522316D67F52F75DA09D5C /* Resources */,
				E5826F71150885C715CEA7F7 /* Services */,
				F15C5802E97F4ED9F9D3D720 /* ViewModels */,
				7EBAEB223C0304B53590C167 /* Views */,
			);
			name = ViralChatMobile;
			path = .;
			sourceTree = "<group>";
		};
		7EBAEB223C0304B53590C167 /* Views */ = {
			isa = PBXGroup;
			children = (
				B2542AC09EC15004EF9BB122 /* AuthView.swift */,
				460C29B3425EF9EE5994DA3C /* ChannelListView.swift */,
				D975F8A8D9EC46A4CA35F823 /* ChatView.swift */,
				C5FD2672B1495E52008B20AD /* ContentView.swift */,
				69A1D22CC0AA6848F9D3D7E2 /* LandingView.swift */,
				8ABB9A539119E47B7FC05599 /* MainTabView.swift */,
				C250A12FC99D42CBF54467D9 /* Components */,
			);
			path = Views;
			sourceTree = "<group>";
		};
		C250A12FC99D42CBF54467D9 /* Components */ = {
			isa = PBXGroup;
			children = (
			);
			path = Components;
			sourceTree = "<group>";
		};
		DB705F6E315C1396F26F93C4 = {
			isa = PBXGroup;
			children = (
				0D0DE92CEEADD210AB9CBA7E /* App */,
				389A2B92E8406C2853EF76F4 /* Models */,
				FB522316D67F52F75DA09D5C /* Resources */,
				E5826F71150885C715CEA7F7 /* Services */,
				F15C5802E97F4ED9F9D3D720 /* ViewModels */,
				7EBAEB223C0304B53590C167 /* Views */,
				449E4A282166A1336A3F7F6A /* ViralChatMobile */,
				DCA149AB32BCC3641A2FE491 /* Products */,
			);
			sourceTree = "<group>";
		};
		DCA149AB32BCC3641A2FE491 /* Products */ = {
			isa = PBXGroup;
			children = (
				F5C801032101CD3FF27797EA /* ViralChatMobile.app */,
			);
			name = Products;
			sourceTree = "<group>";
		};
		E5826F71150885C715CEA7F7 /* Services */ = {
			isa = PBXGroup;
			children = (
				0868B7C96B4F9F364AD23781 /* APIClient.swift */,
				1B69C6A32D1412B8E229402B /* AuthService.swift */,
			);
			path = Services;
			sourceTree = "<group>";
		};
		F15C5802E97F4ED9F9D3D720 /* ViewModels */ = {
			isa = PBXGroup;
			children = (
				696EDEAACB4F8B48D7F6CAEB /* AuthViewModel.swift */,
				7F94346FCFFAE866778702E6 /* ChatViewModel.swift */,
			);
			path = ViewModels;
			sourceTree = "<group>";
		};
		FB522316D67F52F75DA09D5C /* Resources */ = {
			isa = PBXGroup;
			children = (
				A6FBD07B1B2448FB885A559C /* Assets.xcassets */,
			);
			path = Resources;
			sourceTree = "<group>";
		};
/* End PBXGroup section */

/* Begin PBXNativeTarget section */
		691B2F8885B154BB8A220E6F /* ViralChatMobile */ = {
			isa = PBXNativeTarget;
			buildConfigurationList = 2B107AFC1F8927CC701A1984 /* Build configuration list for PBXNativeTarget "ViralChatMobile" */;
			buildPhases = (
				640E7A3909688F66100C1E98 /* Sources */,
				81040953B624B380B4FD7E68 /* Resources */,
			);
			buildRules = (
			);
			dependencies = (
			);
			name = ViralChatMobile;
			packageProductDependencies = (
			);
			productName = ViralChatMobile;
			productReference = F5C801032101CD3FF27797EA /* ViralChatMobile.app */;
			productType = "com.apple.product-type.application";
		};
/* End PBXNativeTarget section */

/* Begin PBXProject section */
		0A6D8D354C72BBF5F2CC1388 /* Project object */ = {
			isa = PBXProject;
			attributes = {
				BuildIndependentTargetsInParallel = YES;
				LastUpgradeCheck = 1500;
				TargetAttributes = {
					691B2F8885B154BB8A220E6F = {
						DevelopmentTeam = "";
						ProvisioningStyle = Automatic;
					};
				};
			};
			buildConfigurationList = 3084F51BF5BE39FEBD21767F /* Build configuration list for PBXProject "ViralChatMobile" */;
			compatibilityVersion = "Xcode 14.0";
			developmentRegion = en;
			hasScannedForEncodings = 0;
			knownRegions = (
				Base,
				en,
			);
			mainGroup = DB705F6E315C1396F26F93C4;
			minimizedProjectReferenceProxies = 1;
			preferredProjectObjectVersion = 77;
			projectDirPath = "";
			projectRoot = "";
			targets = (
				691B2F8885B154BB8A220E6F /* ViralChatMobile */,
			);
		};
/* End PBXProject section */

/* Begin PBXResourcesBuildPhase section */
		81040953B624B380B4FD7E68 /* Resources */ = {
			isa = PBXResourcesBuildPhase;
			buildActionMask = 2147483647;
			files = (
				77362B3D4C7D4459701432B2 /* Assets.xcassets in Resources */,
			);
			runOnlyForDeploymentPostprocessing = 0;
		};
/* End PBXResourcesBuildPhase section */

/* Begin PBXSourcesBuildPhase section */
		640E7A3909688F66100C1E98 /* Sources */ = {
			isa = PBXSourcesBuildPhase;
			buildActionMask = 2147483647;
			files = (
				D3521E284BB4DB472ED79B20 /* APIClient.swift in Sources */,
				C4657346772CA604A9C5D26D /* Auth.swift in Sources */,
				8892458F5D4961F43C7251BD /* AuthService.swift in Sources */,
				2FAA96B6DC2B658CE8BF3E66 /* AuthView.swift in Sources */,
				7007F131AD6FB8515E24FABB /* AuthViewModel.swift in Sources */,
				BD8C0F3924E82E713A67E420 /* ChannelListView.swift in Sources */,
				A0F2205ADAA35858A82693CF /* ChatView.swift in Sources */,
				5612C594A52FD9DDB84617AC /* ChatViewModel.swift in Sources */,
				AD7F31E3A67EFA1BD075CEA0 /* ContentView.swift in Sources */,
				049D0EF979DD052C146C3F5D /* LandingView.swift in Sources */,
				F1D6E04B3C2FEBC27BF76457 /* MainTabView.swift in Sources */,
				1375625721B38C347C228FA4 /* Models.swift in Sources */,
				0E49511344D252EADFBE064F /* ViralChatMobileApp.swift in Sources */,
			);
			runOnlyForDeploymentPostprocessing = 0;
		};
/* End PBXSourcesBuildPhase section */

/* Begin XCBuildConfiguration section */
		1ECFDC2356233C4887EF677C /* Debug */ = {
			isa = XCBuildConfiguration;
			buildSettings = {
				ALWAYS_SEARCH_USER_PATHS = NO;
				CLANG_ANALYZER_NONNULL = YES;
				CLANG_ANALYZER_NUMBER_OBJECT_CONVERSION = YES_AGGRESSIVE;
				CLANG_CXX_LANGUAGE_STANDARD = "gnu++14";
				CLANG_CXX_LIBRARY = "libc++";
				CLANG_ENABLE_MODULES = YES;
				CLANG_ENABLE_OBJC_ARC = YES;
				CLANG_ENABLE_OBJC_WEAK = YES;
				CLANG_WARN_BLOCK_CAPTURE_AUTORELEASING = YES;
				CLANG_WARN_BOOL_CONVERSION = YES;
				CLANG_WARN_COMMA = YES;
				CLANG_WARN_CONSTANT_CONVERSION = YES;
				CLANG_WARN_DEPRECATED_OBJC_IMPLEMENTATIONS = YES;
				CLANG_WARN_DIRECT_OBJC_ISA_USAGE = YES_ERROR;
				CLANG_WARN_DOCUMENTATION_COMMENTS = YES;
				CLANG_WARN_EMPTY_BODY = YES;
				CLANG_WARN_ENUM_CONVERSION = YES;
				CLANG_WARN_INFINITE_RECURSION = YES;
				CLANG_WARN_INT_CONVERSION = YES;
				CLANG_WARN_NON_LITERAL_NULL_CONVERSION = YES;
				CLANG_WARN_OBJC_IMPLICIT_RETAIN_SELF = YES;
				CLANG_WARN_OBJC_LITERAL_CONVERSION = YES;
				CLANG_WARN_OBJC_ROOT_CLASS = YES_ERROR;
				CLANG_WARN_QUOTED_INCLUDE_IN_FRAMEWORK_HEADER = YES;
				CLANG_WARN_RANGE_LOOP_ANALYSIS = YES;
				CLANG_WARN_STRICT_PROTOTYPES = YES;
				CLANG_WARN_SUSPICIOUS_MOVE = YES;
				CLANG_WARN_UNGUARDED_AVAILABILITY = YES_AGGRESSIVE;
				CLANG_WARN_UNREACHABLE_CODE = YES;
				CLANG_WARN__DUPLICATE_METHOD_MATCH = YES;
				COPY_PHASE_STRIP = NO;
				CURRENT_PROJECT_VERSION = 1;
				DEBUG_INFORMATION_FORMAT = dwarf;
				ENABLE_STRICT_OBJC_MSGSEND = YES;
				ENABLE_TESTABILITY = YES;
				GCC_C_LANGUAGE_STANDARD = gnu11;
				GCC_DYNAMIC_NO_PIC = NO;
				GCC_NO_COMMON_BLOCKS = YES;
				GCC_OPTIMIZATION_LEVEL = 0;
				GCC_PREPROCESSOR_DEFINITIONS = (
					"$(inherited)",
					"DEBUG=1",
				);
				GCC_WARN_64_TO_32_BIT_CONVERSION = YES;
				GCC_WARN_ABOUT_RETURN_TYPE = YES_ERROR;
				GCC_WARN_UNDECLARED_SELECTOR = YES;
				GCC_WARN_UNINITIALIZED_AUTOS = YES_AGGRESSIVE;
				GCC_WARN_UNUSED_FUNCTION = YES;
				GCC_WARN_UNUSED_VARIABLE = YES;
				GENERATE_INFOPLIST_FILE = YES;
				INFOPLIST_KEY_UIApplicationSceneManifest_Generation = YES;
				INFOPLIST_KEY_UIApplicationSupportsIndirectInputEvents = YES;
				INFOPLIST_KEY_UILaunchScreen_Generation = YES;
				INFOPLIST_KEY_UISupportedInterfaceOrientations_iPad = "UIInterfaceOrientationPortrait UIInterfaceOrientationPortraitUpsideDown UIInterfaceOrientationLandscapeLeft UIInterfaceOrientationLandscapeRight";
				INFOPLIST_KEY_UISupportedInterfaceOrientations_iPhone = "UIInterfaceOrientationPortrait UIInterfaceOrientationLandscapeLeft UIInterfaceOrientationLandscapeRight";
				IPHONEOS_DEPLOYMENT_TARGET = 17.0;
				MARKETING_VERSION = 1.0.0;
				MTL_ENABLE_DEBUG_INFO = INCLUDE_SOURCE;
				MTL_FAST_MATH = YES;
				ONLY_ACTIVE_ARCH = YES;
				PRODUCT_NAME = "$(TARGET_NAME)";
				SDKROOT = iphoneos;
				SWIFT_ACTIVE_COMPILATION_CONDITIONS = DEBUG;
				SWIFT_OPTIMIZATION_LEVEL = "-Onone";
				SWIFT_VERSION = 5.9;
				TARGETED_DEVICE_FAMILY = "1,2";
			};
			name = Debug;
		};
		575D422B3A9BE5BBBC4786BB /* Release */ = {
			isa = XCBuildConfiguration;
			buildSettings = {
				ASSETCATALOG_COMPILER_APPICON_NAME = AppIcon;
				ASSETCATALOG_COMPILER_GLOBAL_ACCENT_COLOR_NAME = AccentColor;
				CODE_SIGN_IDENTITY = "-";
				CODE_SIGN_STYLE = Automatic;
				DEVELOPMENT_TEAM = "";
				INFOPLIST_KEY_CFBundleDisplayName = ViralChat;
				LD_RUNPATH_SEARCH_PATHS = (
					"$(inherited)",
					"@executable_path/Frameworks",
				);
				PRODUCT_BUNDLE_IDENTIFIER = com.viralchat.mobile;
				SDKROOT = iphoneos;
				TARGETED_DEVICE_FAMILY = "1,2";
			};
			name = Release;
		};
		E2A626955E4F77AFED2ED462 /* Debug */ = {
			isa = XCBuildConfiguration;
			buildSettings = {
				ASSETCATALOG_COMPILER_APPICON_NAME = AppIcon;
				ASSETCATALOG_COMPILER_GLOBAL_ACCENT_COLOR_NAME = AccentColor;
				CODE_SIGN_IDENTITY = "-";
				CODE_SIGN_STYLE = Automatic;
				DEVELOPMENT_TEAM = "";
				INFOPLIST_KEY_CFBundleDisplayName = ViralChat;
				LD_RUNPATH_SEARCH_PATHS = (
					"$(inherited)",
					"@executable_path/Frameworks",
				);
				PRODUCT_BUNDLE_IDENTIFIER = com.viralchat.mobile;
				SDKROOT = iphoneos;
				TARGETED_DEVICE_FAMILY = "1,2";
			};
			name = Debug;
		};
		E393BDFAEDCE08249B8803CA /* Release */ = {
			isa = XCBuildConfiguration;
			buildSettings = {
				ALWAYS_SEARCH_USER_PATHS = NO;
				CLANG_ANALYZER_NONNULL = YES;
				CLANG_ANALYZER_NUMBER_OBJECT_CONVERSION = YES_AGGRESSIVE;
				CLANG_CXX_LANGUAGE_STANDARD = "gnu++14";
				CLANG_CXX_LIBRARY = "libc++";
				CLANG_ENABLE_MODULES = YES;
				CLANG_ENABLE_OBJC_ARC = YES;
				CLANG_ENABLE_OBJC_WEAK = YES;
				CLANG_WARN_BLOCK_CAPTURE_AUTORELEASING = YES;
				CLANG_WARN_BOOL_CONVERSION = YES;
				CLANG_WARN_COMMA = YES;
				CLANG_WARN_CONSTANT_CONVERSION = YES;
				CLANG_WARN_DEPRECATED_OBJC_IMPLEMENTATIONS = YES;
				CLANG_WARN_DIRECT_OBJC_ISA_USAGE = YES_ERROR;
				CLANG_WARN_DOCUMENTATION_COMMENTS = YES;
				CLANG_WARN_EMPTY_BODY = YES;
				CLANG_WARN_ENUM_CONVERSION = YES;
				CLANG_WARN_INFINITE_RECURSION = YES;
				CLANG_WARN_INT_CONVERSION = YES;
				CLANG_WARN_NON_LITERAL_NULL_CONVERSION = YES;
				CLANG_WARN_OBJC_IMPLICIT_RETAIN_SELF = YES;
				CLANG_WARN_OBJC_LITERAL_CONVERSION = YES;
				CLANG_WARN_OBJC_ROOT_CLASS = YES_ERROR;
				CLANG_WARN_QUOTED_INCLUDE_IN_FRAMEWORK_HEADER = YES;
				CLANG_WARN_RANGE_LOOP_ANALYSIS = YES;
				CLANG_WARN_STRICT_PROTOTYPES = YES;
				CLANG_WARN_SUSPICIOUS_MOVE = YES;
				CLANG_WARN_UNGUARDED_AVAILABILITY = YES_AGGRESSIVE;
				CLANG_WARN_UNREACHABLE_CODE = YES;
				CLANG_WARN__DUPLICATE_METHOD_MATCH = YES;
				COPY_PHASE_STRIP = NO;
				CURRENT_PROJECT_VERSION = 1;
				DEBUG_INFORMATION_FORMAT = "dwarf-with-dsym";
				ENABLE_NS_ASSERTIONS = NO;
				ENABLE_STRICT_OBJC_MSGSEND = YES;
				GCC_C_LANGUAGE_STANDARD = gnu11;
				GCC_NO_COMMON_BLOCKS = YES;
				GCC_WARN_64_TO_32_BIT_CONVERSION = YES;
				GCC_WARN_ABOUT_RETURN_TYPE = YES_ERROR;
				GCC_WARN_UNDECLARED_SELECTOR = YES;
				GCC_WARN_UNINITIALIZED_AUTOS = YES_AGGRESSIVE;
				GCC_WARN_UNUSED_FUNCTION = YES;
				GCC_WARN_UNUSED_VARIABLE = YES;
				GENERATE_INFOPLIST_FILE = YES;
				INFOPLIST_KEY_UIApplicationSceneManifest_Generation = YES;
				INFOPLIST_KEY_UIApplicationSupportsIndirectInputEvents = YES;
				INFOPLIST_KEY_UILaunchScreen_Generation = YES;
				INFOPLIST_KEY_UISupportedInterfaceOrientations_iPad = "UIInterfaceOrientationPortrait UIInterfaceOrientationPortraitUpsideDown UIInterfaceOrientationLandscapeLeft UIInterfaceOrientationLandscapeRight";
				INFOPLIST_KEY_UISupportedInterfaceOrientations_iPhone = "UIInterfaceOrientationPortrait UIInterfaceOrientationLandscapeLeft UIInterfaceOrientationLandscapeRight";
				IPHONEOS_DEPLOYMENT_TARGET = 17.0;
				MARKETING_VERSION = 1.0.0;
				MTL_ENABLE_DEBUG_INFO = NO;
				MTL_FAST_MATH = YES;
				PRODUCT_NAME = "$(TARGET_NAME)";
				SDKROOT = iphoneos;
				SWIFT_COMPILATION_MODE = wholemodule;
				SWIFT_OPTIMIZATION_LEVEL = "-O";
				SWIFT_VERSION = 5.9;
				TARGETED_DEVICE_FAMILY = "1,2";
			};
			name = Release;
		};
/* End XCBuildConfiguration section */

/* Begin XCConfigurationList section */
		2B107AFC1F8927CC701A1984 /* Build configuration list for PBXNativeTarget "ViralChatMobile" */ = {
			isa = XCConfigurationList;
			buildConfigurations = (
				E2A626955E4F77AFED2ED462 /* Debug */,
				575D422B3A9BE5BBBC4786BB /* Release */,
			);
			defaultConfigurationIsVisible = 0;
			defaultConfigurationName = Debug;
		};
		3084F51BF5BE39FEBD21767F /* Build configuration list for PBXProject "ViralChatMobile" */ = {
			isa = XCConfigurationList;
			buildConfigurations = (
				1ECFDC2356233C4887EF677C /* Debug */,
				E393BDFAEDCE08249B8803CA /* Release */,
			);
			defaultConfigurationIsVisible = 0;
			defaultConfigurationName = Debug;
		};
/* End XCConfigurationList section */
	};
	rootObject = 0A6D8D354C72BBF5F2CC1388 /* Project object */;
}
